
Microsoft Visual Studio Solution File, Format Version 12.00
# Visual Studio 15
VisualStudioVersion = 15.0.27703.2042
MinimumVisualStudioVersion = 10.0.40219.1
Project("{FAE04EC0-301F-11D3-BF4B-00C04F79EFBC}") = "Trade", "Trade\Trade.csproj", "{DC87E4B5-6923-437E-8C95-97E2C9C3D9D5}"
EndProject
Global
	GlobalSection(SolutionConfigurationPlatforms) = preSolution
		Debug|Any CPU = Debug|Any CPU
		Release|Any CPU = Release|Any CPU
	EndGlobalSection
	GlobalSection(ProjectConfigurationPlatforms) = postSolution
		{DC87E4B5-6923-437E-8C95-97E2C9C3D9D5}.Debug|Any CPU.ActiveCfg = Debug|Any CPU
		{DC87E4B5-6923-437E-8C95-97E2C9C3D9D5}.Debug|Any CPU.Build.0 = Debug|Any CPU
		{DC87E4B5-6923-437E-8C95-97E2C9C3D9D5}.Release|Any CPU.ActiveCfg = Release|Any CPU
		{DC87E4B5-6923-437E-8C95-97E2C9C3D9D5}.Release|Any CPU.Build.0 = Release|Any CPU
	EndGlobalSection
	GlobalSection(SolutionProperties) = preSolution
		HideSolutionNode = FALSE
	EndGlobalSection
	GlobalSection(ExtensibilityGlobals) = postSolution
		SolutionGuid = {4A2CE4D2-B8CC-4E5B-BC45-7FD04E8CA842}
	EndGlobalSection
EndGlobal
